
Microsoft Visual Studio Solution File, Format Version 12.00
# Visual Studio Version 17
VisualStudioVersion = 17.5.002.0
MinimumVisualStudioVersion = 10.0.40219.1
Project("{2150E333-8FDC-42A3-9474-1A3956D46DE8}") = "backend", "backend", "{758E521D-55CC-4659-AEB1-3F1E8B9D6DD2}"
EndProject
Project("{9A19103F-16F7-4668-BE54-9A1E7A4F7556}") = "FinanceTrackerAPI", "backend\FinanceTrackerAPI\FinanceTrackerAPI.csproj", "{A0693EA3-4C7E-4546-AF5E-C810BFAA08CF}"
EndProject
Global
	GlobalSection(SolutionConfigurationPlatforms) = preSolution
		Debug|Any CPU = Debug|Any CPU
		Release|Any CPU = Release|Any CPU
	EndGlobalSection
	GlobalSection(ProjectConfigurationPlatforms) = postSolution
		{A0693EA3-4C7E-4546-AF5E-C810BFAA08CF}.Debug|Any CPU.ActiveCfg = Debug|Any CPU
		{A0693EA3-4C7E-4546-AF5E-C810BFAA08CF}.Debug|Any CPU.Build.0 = Debug|Any CPU
		{A0693EA3-4C7E-4546-AF5E-C810BFAA08CF}.Release|Any CPU.ActiveCfg = Release|Any CPU
		{A0693EA3-4C7E-4546-AF5E-C810BFAA08CF}.Release|Any CPU.Build.0 = Release|Any CPU
	EndGlobalSection
	GlobalSection(SolutionProperties) = preSolution
		HideSolutionNode = FALSE
	EndGlobalSection
	GlobalSection(NestedProjects) = preSolution
		{A0693EA3-4C7E-4546-AF5E-C810BFAA08CF} = {758E521D-55CC-4659-AEB1-3F1E8B9D6DD2}
	EndGlobalSection
	GlobalSection(ExtensibilityGlobals) = postSolution
		SolutionGuid = {9C521B46-B630-4976-ABF4-9AEE0C4CDE07}
	EndGlobalSection
EndGlobal
